
Microsoft Visual Studio Solution File, Format Version 12.00
# Visual Studio 15
VisualStudioVersion = 15.0.28307.106
MinimumVisualStudioVersion = 10.0.40219.1
Project("{FAE04EC0-301F-11D3-BF4B-00C04F79EFBC}") = "Vidly2", "Vidly2\Vidly2.csproj", "{4B4D3CD3-9E43-4E23-90DE-FFC99D198E99}"
EndProject
Global
	GlobalSection(SolutionConfigurationPlatforms) = preSolution
		Debug|Any CPU = Debug|Any CPU
		Release|Any CPU = Release|Any CPU
	EndGlobalSection
	GlobalSection(ProjectConfigurationPlatforms) = postSolution
		{4B4D3CD3-9E43-4E23-90DE-FFC99D198E99}.Debug|Any CPU.ActiveCfg = Debug|Any CPU
		{4B4D3CD3-9E43-4E23-90DE-FFC99D198E99}.Debug|Any CPU.Build.0 = Debug|Any CPU
		{4B4D3CD3-9E43-4E23-90DE-FFC99D198E99}.Release|Any CPU.ActiveCfg = Release|Any CPU
		{4B4D3CD3-9E43-4E23-90DE-FFC99D198E99}.Release|Any CPU.Build.0 = Release|Any CPU
	EndGlobalSection
	GlobalSection(SolutionProperties) = preSolution
		HideSolutionNode = FALSE
	EndGlobalSection
	GlobalSection(ExtensibilityGlobals) = postSolution
		SolutionGuid = {D1B20D04-EB05-4E2B-9C7C-9573901A8956}
	EndGlobalSection
EndGlobal
